# THIS IS AN AUTOGENERATED FILE. DO NOT EDIT THIS FILE DIRECTLY.
# yarn lockfile v1


htmx.org@^1.9.11:
  version "1.9.11"
  resolved "https://registry.yarnpkg.com/htmx.org/-/htmx.org-1.9.11.tgz#00192041ee682d6ca7146d0fbd901169ffe72d87"
  integrity sha512-WlVuICn8dfNOOgYmdYzYG8zSnP3++AdHkMHooQAzGZObWpVXYathpz/I37ycF4zikR6YduzfCvEcxk20JkIUsw==
